
Microsoft Visual Studio Solution File, Format Version 12.00
# Visual Studio Version 17
VisualStudioVersion = 17.4.33213.308
MinimumVisualStudioVersion = 10.0.40219.1
Project("{FAE04EC0-301F-11D3-BF4B-00C04F79EFBC}") = "-3.2-", "-3.2-\-3.2-.csproj", "{77706D72-E626-449A-914F-14B06223BFFD}"
EndProject
Global
	GlobalSection(SolutionConfigurationPlatforms) = preSolution
		Debug|Any CPU = Debug|Any CPU
		Release|Any CPU = Release|Any CPU
	EndGlobalSection
	GlobalSection(ProjectConfigurationPlatforms) = postSolution
		{77706D72-E626-449A-914F-14B06223BFFD}.Debug|Any CPU.ActiveCfg = Debug|Any CPU
		{77706D72-E626-449A-914F-14B06223BFFD}.Debug|Any CPU.Build.0 = Debug|Any CPU
		{77706D72-E626-449A-914F-14B06223BFFD}.Release|Any CPU.ActiveCfg = Release|Any CPU
		{77706D72-E626-449A-914F-14B06223BFFD}.Release|Any CPU.Build.0 = Release|Any CPU
	EndGlobalSection
	GlobalSection(SolutionProperties) = preSolution
		HideSolutionNode = FALSE
	EndGlobalSection
	GlobalSection(ExtensibilityGlobals) = postSolution
		SolutionGuid = {38B5C8C6-F473-406A-B655-F5FD20F8D2EB}
	EndGlobalSection
EndGlobal
